
Microsoft Visual Studio Solution File, Format Version 12.00
# Visual Studio Version 17
VisualStudioVersion = 17.3.32929.385
MinimumVisualStudioVersion = 10.0.40219.1
Project("{FAE04EC0-301F-11D3-BF4B-00C04F79EFBC}") = "VoiceTexterBot", "VoiceTexterBot\VoiceTexterBot.csproj", "{532534F8-6660-433C-A8A9-A2030F1F374C}"
EndProject
Global
	GlobalSection(SolutionConfigurationPlatforms) = preSolution
		Debug|Any CPU = Debug|Any CPU
		Release|Any CPU = Release|Any CPU
	EndGlobalSection
	GlobalSection(ProjectConfigurationPlatforms) = postSolution
		{532534F8-6660-433C-A8A9-A2030F1F374C}.Debug|Any CPU.ActiveCfg = Debug|Any CPU
		{532534F8-6660-433C-A8A9-A2030F1F374C}.Debug|Any CPU.Build.0 = Debug|Any CPU
		{532534F8-6660-433C-A8A9-A2030F1F374C}.Release|Any CPU.ActiveCfg = Release|Any CPU
		{532534F8-6660-433C-A8A9-A2030F1F374C}.Release|Any CPU.Build.0 = Release|Any CPU
	EndGlobalSection
	GlobalSection(SolutionProperties) = preSolution
		HideSolutionNode = FALSE
	EndGlobalSection
	GlobalSection(ExtensibilityGlobals) = postSolution
		SolutionGuid = {4334CF0F-6BFB-4911-8E8E-5C566A885DB6}
	EndGlobalSection
EndGlobal
